
Microsoft Visual Studio Solution File, Format Version 12.00
# Visual Studio 2012
Project("{FAE04EC0-301F-11D3-BF4B-00C04F79EFBC}") = "Yevhenii_KoliesnikTask1", "Yevhenii_KoliesnikTask1\Yevhenii_KoliesnikTask1.csproj", "{36BBF1DC-75FA-434A-807B-70AA470E7757}"
EndProject
Project("{FAE04EC0-301F-11D3-BF4B-00C04F79EFBC}") = "Model", "Model\Model.csproj", "{F7DC4E0E-61D7-4F8F-ABE7-4538038BBC41}"
EndProject
Project("{FAE04EC0-301F-11D3-BF4B-00C04F79EFBC}") = "DAL", "DAL\DAL.csproj", "{1D7091AF-AC81-47F4-8C16-80CEBA0FA419}"
EndProject
Project("{FAE04EC0-301F-11D3-BF4B-00C04F79EFBC}") = "GameUnitTest", "GameUnitTest\GameUnitTest.csproj", "{B68EEDDF-803B-418A-BC7C-2B788553F7F9}"
EndProject
Project("{FAE04EC0-301F-11D3-BF4B-00C04F79EFBC}") = "BusinessLogicLayer", "BusinessLogicLayer\BusinessLogicLayer.csproj", "{30FA86A4-2B77-4A59-BFC6-3048A4CFE845}"
EndProject
Global
	GlobalSection(SolutionConfigurationPlatforms) = preSolution
		Debug|Any CPU = Debug|Any CPU
		Release|Any CPU = Release|Any CPU
	EndGlobalSection
	GlobalSection(ProjectConfigurationPlatforms) = postSolution
		{36BBF1DC-75FA-434A-807B-70AA470E7757}.Debug|Any CPU.ActiveCfg = Debug|Any CPU
		{36BBF1DC-75FA-434A-807B-70AA470E7757}.Debug|Any CPU.Build.0 = Debug|Any CPU
		{36BBF1DC-75FA-434A-807B-70AA470E7757}.Release|Any CPU.ActiveCfg = Release|Any CPU
		{36BBF1DC-75FA-434A-807B-70AA470E7757}.Release|Any CPU.Build.0 = Release|Any CPU
		{F7DC4E0E-61D7-4F8F-ABE7-4538038BBC41}.Debug|Any CPU.ActiveCfg = Debug|Any CPU
		{F7DC4E0E-61D7-4F8F-ABE7-4538038BBC41}.Debug|Any CPU.Build.0 = Debug|Any CPU
		{F7DC4E0E-61D7-4F8F-ABE7-4538038BBC41}.Release|Any CPU.ActiveCfg = Release|Any CPU
		{F7DC4E0E-61D7-4F8F-ABE7-4538038BBC41}.Release|Any CPU.Build.0 = Release|Any CPU
		{1D7091AF-AC81-47F4-8C16-80CEBA0FA419}.Debug|Any CPU.ActiveCfg = Debug|Any CPU
		{1D7091AF-AC81-47F4-8C16-80CEBA0FA419}.Debug|Any CPU.Build.0 = Debug|Any CPU
		{1D7091AF-AC81-47F4-8C16-80CEBA0FA419}.Release|Any CPU.ActiveCfg = Release|Any CPU
		{1D7091AF-AC81-47F4-8C16-80CEBA0FA419}.Release|Any CPU.Build.0 = Release|Any CPU
		{B68EEDDF-803B-418A-BC7C-2B788553F7F9}.Debug|Any CPU.ActiveCfg = Debug|Any CPU
		{B68EEDDF-803B-418A-BC7C-2B788553F7F9}.Debug|Any CPU.Build.0 = Debug|Any CPU
		{B68EEDDF-803B-418A-BC7C-2B788553F7F9}.Release|Any CPU.ActiveCfg = Release|Any CPU
		{B68EEDDF-803B-418A-BC7C-2B788553F7F9}.Release|Any CPU.Build.0 = Release|Any CPU
		{30FA86A4-2B77-4A59-BFC6-3048A4CFE845}.Debug|Any CPU.ActiveCfg = Debug|Any CPU
		{30FA86A4-2B77-4A59-BFC6-3048A4CFE845}.Debug|Any CPU.Build.0 = Debug|Any CPU
		{30FA86A4-2B77-4A59-BFC6-3048A4CFE845}.Release|Any CPU.ActiveCfg = Release|Any CPU
		{30FA86A4-2B77-4A59-BFC6-3048A4CFE845}.Release|Any CPU.Build.0 = Release|Any CPU
	EndGlobalSection
	GlobalSection(SolutionProperties) = preSolution
		HideSolutionNode = FALSE
	EndGlobalSection
EndGlobal
